{
  "requires": true,
  "lockfileVersion": 1,
  "dependencies": {
    "modularscale-sass": {
      "version": "3.0.10",
      "resolved": "https://registry.npmjs.org/modularscale-sass/-/modularscale-sass-3.0.10.tgz",
      "integrity": "sha512-ppbMfcXC+ESpqk1s8BfqsuY85DTAJdoPLxrYFohAUjg3r9eh2CBm2Wn7+JAh26DbRpAHynRt3a8ma2FOfk7JGA==",
      "dev": true
    },
    "susy": {
      "version": "3.0.5",
      "resolved": "https://registry.npmjs.org/susy/-/susy-3.0.5.tgz",
      "integrity": "sha512-Adc67mYO0n7eKn0lnyVOMN9lqA3JrHE/NAMfOQQnm2g8yvcZpmcrNfiHjfQXVodXdZE1PyluPnUjPhezaKGztA=="
    }
  }
}
